// !$*UTF8*$!
{
	archiveVersion = 1;
	classes = {
	};
	objectVersion = 46;
	objects = {

/* Begin PBXBuildFile section */
		A3FF32251AE2E45E00F7B128 /* main.m in Sources */ = {isa = PBXBuildFile; fileRef = A3FF32241AE2E45E00F7B128 /* main.m */; };
		A3FF32281AE2E45E00F7B128 /* AppDelegate.m in Sources */ = {isa = PBXBuildFile; fileRef = A3FF32271AE2E45E00F7B128 /* AppDelegate.m */; };
		A3FF322B1AE2E45E00F7B128 /* TestProject2.xcdatamodeld in Sources */ = {isa = PBXBuildFile; fileRef = A3FF32291AE2E45E00F7B128 /* TestProject2.xcdatamodeld */; };
		A3FF322E1AE2E45E00F7B128 /* ViewController.m in Sources */ = {isa = PBXBuildFile; fileRef = A3FF322D1AE2E45E00F7B128 /* ViewController.m */; };
		A3FF32311AE2E45E00F7B128 /* Main.storyboard in Resources */ = {isa = PBXBuildFile; fileRef = A3FF322F1AE2E45E00F7B128 /* Main.storyboard */; };
		A3FF32331AE2E45E00F7B128 /* Images.xcassets in Resources */ = {isa = PBXBuildFile; fileRef = A3FF32321AE2E45E00F7B128 /* Images.xcassets */; };
		A3FF32361AE2E45E00F7B128 /* LaunchScreen.xib in Resources */ = {isa = PBXBuildFile; fileRef = A3FF32341AE2E45E00F7B128 /* LaunchScreen.xib */; };
		A3FF32421AE2E45E00F7B128 /* TestProject2Tests.m in Sources */ = {isa = PBXBuildFile; fileRef = A3FF32411AE2E45E00F7B128 /* TestProject2Tests.m */; };
/* End PBXBuildFile section */

/* Begin PBXContainerItemProxy section */
		A3FF323C1AE2E45E00F7B128 /* PBXContainerItemProxy */ = {
			isa = PBXContainerItemProxy;
			containerPortal = A3FF32171AE2E45E00F7B128 /* Project object */;
			proxyType = 1;
			remoteGlobalIDString = A3FF321E1AE2E45E00F7B128;
			remoteInfo = TestProject2;
		};
/* End PBXContainerItemProxy section */

/* Begin PBXFileReference section */
		A3FF321F1AE2E45E00F7B128 /* TestProject2.app */ = {isa = PBXFileReference; explicitFileType = wrapper.application; includeInIndex = 0; path = TestProject2.app; sourceTree = BUILT_PRODUCTS_DIR; };
		A3FF32231AE2E45E00F7B128 /* Info.plist */ = {isa = PBXFileReference; lastKnownFileType = text.plist.xml; path = Info.plist; sourceTree = "<group>"; };
		A3FF32241AE2E45E00F7B128 /* main.m */ = {isa = PBXFileReference; lastKnownFileType = sourcecode.c.objc; path = main.m; sourceTree = "<group>"; };
		A3FF32261AE2E45E00F7B128 /* AppDelegate.h */ = {isa = PBXFileReference; lastKnownFileType = sourcecode.c.h; path = AppDelegate.h; sourceTree = "<group>"; };
		A3FF32271AE2E45E00F7B128 /* AppDelegate.m */ = {isa = PBXFileReference; lastKnownFileType = sourcecode.c.objc; path = AppDelegate.m; sourceTree = "<group>"; };
		A3FF322A1AE2E45E00F7B128 /* TestProject2.xcdatamodel */ = {isa = PBXFileReference; lastKnownFileType = wrapper.xcdatamodel; path = TestProject2.xcdatamodel; sourceTree = "<group>"; };
		A3FF322C1AE2E45E00F7B128 /* ViewController.h */ = {isa = PBXFileReference; lastKnownFileType = sourcecode.c.h; path = ViewController.h; sourceTree = "<group>"; };
		A3FF322D1AE2E45E00F7B128 /* ViewController.m */ = {isa = PBXFileReference; lastKnownFileType = sourcecode.c.objc; path = ViewController.m; sourceTree = "<group>"; };
		A3FF32301AE2E45E00F7B128 /* Base */ = {isa = PBXFileReference; lastKnownFileType = file.storyboard; name = Base; path = Base.lproj/Main.storyboard; sourceTree = "<group>"; };
		A3FF32321AE2E45E00F7B128 /* Images.xcassets */ = {isa = PBXFileReference; lastKnownFileType = folder.assetcatalog; path = Images.xcassets; sourceTree = "<group>"; };
		A3FF32351AE2E45E00F7B128 /* Base */ = {isa = PBXFileReference; lastKnownFileType = file.xib; name = Base; path = Base.lproj/LaunchScreen.xib; sourceTree = "<group>"; };
		A3FF323B1AE2E45E00F7B128 /* TestProject2Tests.xctest */ = {isa = PBXFileReference; explicitFileType = wrapper.cfbundle; includeInIndex = 0; path = TestProject2Tests.xctest; sourceTree = BUILT_PRODUCTS_DIR; };
		A3FF32401AE2E45E00F7B128 /* Info.plist */ = {isa = PBXFileReference; lastKnownFileType = text.plist.xml; path = Info.plist; sourceTree = "<group>"; };
		A3FF32411AE2E45E00F7B128 /* TestProject2Tests.m */ = {isa = PBXFileReference; lastKnownFileType = sourcecode.c.objc; path = TestProject2Tests.m; sourceTree = "<group>"; };
/* End PBXFileReference section */

/* Begin PBXFrameworksBuildPhase section */
		A3FF321C1AE2E45E00F7B128 /* Frameworks */ = {
			isa = PBXFrameworksBuildPhase;
			buildActionMask = 2147483647;
			files = (
			);
			runOnlyForDeploymentPostprocessing = 0;
		};
		A3FF32381AE2E45E00F7B128 /* Frameworks */ = {
			isa = PBXFrameworksBuildPhase;
			buildActionMask = 2147483647;
			files = (
			);
			runOnlyForDeploymentPostprocessing = 0;
		};
/* End PBXFrameworksBuildPhase section */

/* Begin PBXGroup section */
		A3FF32161AE2E45E00F7B128 = {
			isa = PBXGroup;
			children = (
				A3FF32211AE2E45E00F7B128 /* TestProject2 */,
				A3FF323E1AE2E45E00F7B128 /* TestProject2Tests */,
				A3FF32201AE2E45E00F7B128 /* Products */,
			);
			sourceTree = "<group>";
		};
		A3FF32201AE2E45E00F7B128 /* Products */ = {
			isa = PBXGroup;
			children = (
				A3FF321F1AE2E45E00F7B128 /* TestProject2.app */,
				A3FF323B1AE2E45E00F7B128 /* TestProject2Tests.xctest */,
			);
			name = Products;
			sourceTree = "<group>";
		};
		A3FF32211AE2E45E00F7B128 /* TestProject2 */ = {
			isa = PBXGroup;
			children = (
				A3FF32261AE2E45E00F7B128 /* AppDelegate.h */,
				A3FF32271AE2E45E00F7B128 /* AppDelegate.m */,
				A3FF322C1AE2E45E00F7B128 /* ViewController.h */,
				A3FF322D1AE2E45E00F7B128 /* ViewController.m */,
				A3FF322F1AE2E45E00F7B128 /* Main.storyboard */,
				A3FF32321AE2E45E00F7B128 /* Images.xcassets */,
				A3FF32341AE2E45E00F7B128 /* LaunchScreen.xib */,
				A3FF32291AE2E45E00F7B128 /* TestProject2.xcdatamodeld */,
				A3FF32221AE2E45E00F7B128 /* Supporting Files */,
			);
			path = TestProject2;
			sourceTree = "<group>";
		};
		A3FF32221AE2E45E00F7B128 /* Supporting Files */ = {
			isa = PBXGroup;
			children = (
				A3FF32231AE2E45E00F7B128 /* Info.plist */,
				A3FF32241AE2E45E00F7B128 /* main.m */,
			);
			name = "Supporting Files";
			sourceTree = "<group>";
		};
		A3FF323E1AE2E45E00F7B128 /* TestProject2Tests */ = {
			isa = PBXGroup;
			children = (
				A3FF32411AE2E45E00F7B128 /* TestProject2Tests.m */,
				A3FF323F1AE2E45E00F7B128 /* Supporting Files */,
			);
			path = TestProject2Tests;
			sourceTree = "<group>";
		};
		A3FF323F1AE2E45E00F7B128 /* Supporting Files */ = {
			isa = PBXGroup;
			children = (
				A3FF32401AE2E45E00F7B128 /* Info.plist */,
			);
			name = "Supporting Files";
			sourceTree = "<group>";
		};
/* End PBXGroup section */

/* Begin PBXNativeTarget section */
		A3FF321E1AE2E45E00F7B128 /* TestProject2 */ = {
			isa = PBXNativeTarget;
			buildConfigurationList = A3FF32451AE2E45E00F7B128 /* Build configuration list for PBXNativeTarget "TestProject2" */;
			buildPhases = (
				A3FF321B1AE2E45E00F7B128 /* Sources */,
				A3FF321C1AE2E45E00F7B128 /* Frameworks */,
				A3FF321D1AE2E45E00F7B128 /* Resources */,
			);
			buildRules = (
			);
			dependencies = (
			);
			name = TestProject2;
			productName = TestProject2;
			productReference = A3FF321F1AE2E45E00F7B128 /* TestProject2.app */;
			productType = "com.apple.product-type.application";
		};
		A3FF323A1AE2E45E00F7B128 /* TestProject2Tests */ = {
			isa = PBXNativeTarget;
			buildConfigurationList = A3FF32481AE2E45E00F7B128 /* Build configuration list for PBXNativeTarget "TestProject2Tests" */;
			buildPhases = (
				A3FF32371AE2E45E00F7B128 /* Sources */,
				A3FF32381AE2E45E00F7B128 /* Frameworks */,
				A3FF32391AE2E45E00F7B128 /* Resources */,
			);
			buildRules = (
			);
			dependencies = (
				A3FF323D1AE2E45E00F7B128 /* PBXTargetDependency */,
			);
			name = TestProject2Tests;
			productName = TestProject2Tests;
			productReference = A3FF323B1AE2E45E00F7B128 /* TestProject2Tests.xctest */;
			productType = "com.apple.product-type.bundle.unit-test";
		};
/* End PBXNativeTarget section */

/* Begin PBXProject section */
		A3FF32171AE2E45E00F7B128 /* Project object */ = {
			isa = PBXProject;
			attributes = {
				LastUpgradeCheck = 0620;
				ORGANIZATIONNAME = "Arizona State University";
				TargetAttributes = {
					A3FF321E1AE2E45E00F7B128 = {
						CreatedOnToolsVersion = 6.2;
					};
					A3FF323A1AE2E45E00F7B128 = {
						CreatedOnToolsVersion = 6.2;
						TestTargetID = A3FF321E1AE2E45E00F7B128;
					};
				};
			};
			buildConfigurationList = A3FF321A1AE2E45E00F7B128 /* Build configuration list for PBXProject "TestProject2" */;
			compatibilityVersion = "Xcode 3.2";
			developmentRegion = English;
			hasScannedForEncodings = 0;
			knownRegions = (
				en,
				Base,
			);
			mainGroup = A3FF32161AE2E45E00F7B128;
			productRefGroup = A3FF32201AE2E45E00F7B128 /* Products */;
			projectDirPath = "";
			projectRoot = "";
			targets = (
				A3FF321E1AE2E45E00F7B128 /* TestProject2 */,
				A3FF323A1AE2E45E00F7B128 /* TestProject2Tests */,
			);
		};
/* End PBXProject section */

/* Begin PBXResourcesBuildPhase section */
		A3FF321D1AE2E45E00F7B128 /* Resources */ = {
			isa = PBXResourcesBuildPhase;
			buildActionMask = 2147483647;
			files = (
				A3FF32311AE2E45E00F7B128 /* Main.storyboard in Resources */,
				A3FF32361AE2E45E00F7B128 /* LaunchScreen.xib in Resources */,
				A3FF32331AE2E45E00F7B128 /* Images.xcassets in Resources */,
			);
			runOnlyForDeploymentPostprocessing = 0;
		};
		A3FF32391AE2E45E00F7B128 /* Resources */ = {
			isa = PBXResourcesBuildPhase;
			buildActionMask = 2147483647;
			files = (
			);
			runOnlyForDeploymentPostprocessing = 0;
		};
/* End PBXResourcesBuildPhase section */

/* Begin PBXSourcesBuildPhase section */
		A3FF321B1AE2E45E00F7B128 /* Sources */ = {
			isa = PBXSourcesBuildPhase;
			buildActionMask = 2147483647;
			files = (
				A3FF322B1AE2E45E00F7B128 /* TestProject2.xcdatamodeld in Sources */,
				A3FF32281AE2E45E00F7B128 /* AppDelegate.m in Sources */,
				A3FF322E1AE2E45E00F7B128 /* ViewController.m in Sources */,
				A3FF32251AE2E45E00F7B128 /* main.m in Sources */,
			);
			runOnlyForDeploymentPostprocessing = 0;
		};
		A3FF32371AE2E45E00F7B128 /* Sources */ = {
			isa = PBXSourcesBuildPhase;
			buildActionMask = 2147483647;
			files = (
				A3FF32421AE2E45E00F7B128 /* TestProject2Tests.m in Sources */,
			);
			runOnlyForDeploymentPostprocessing = 0;
		};
/* End PBXSourcesBuildPhase section */

/* Begin PBXTargetDependency section */
		A3FF323D1AE2E45E00F7B128 /* PBXTargetDependency */ = {
			isa = PBXTargetDependency;
			target = A3FF321E1AE2E45E00F7B128 /* TestProject2 */;
			targetProxy = A3FF323C1AE2E45E00F7B128 /* PBXContainerItemProxy */;
		};
/* End PBXTargetDependency section */

/* Begin PBXVariantGroup section */
		A3FF322F1AE2E45E00F7B128 /* Main.storyboard */ = {
			isa = PBXVariantGroup;
			children = (
				A3FF32301AE2E45E00F7B128 /* Base */,
			);
			name = Main.storyboard;
			sourceTree = "<group>";
		};
		A3FF32341AE2E45E00F7B128 /* LaunchScreen.xib */ = {
			isa = PBXVariantGroup;
			children = (
				A3FF32351AE2E45E00F7B128 /* Base */,
			);
			name = LaunchScreen.xib;
			sourceTree = "<group>";
		};
/* End PBXVariantGroup section */

/* Begin XCBuildConfiguration section */
		A3FF32431AE2E45E00F7B128 /* Debug */ = {
			isa = XCBuildConfiguration;
			buildSettings = {
				ALWAYS_SEARCH_USER_PATHS = NO;
				CLANG_CXX_LANGUAGE_STANDARD = "gnu++0x";
				CLANG_CXX_LIBRARY = "libc++";
				CLANG_ENABLE_MODULES = YES;
				CLANG_ENABLE_OBJC_ARC = YES;
				CLANG_WARN_BOOL_CONVERSION = YES;
				CLANG_WARN_CONSTANT_CONVERSION = YES;
				CLANG_WARN_DIRECT_OBJC_ISA_USAGE = YES_ERROR;
				CLANG_WARN_EMPTY_BODY = YES;
				CLANG_WARN_ENUM_CONVERSION = YES;
				CLANG_WARN_INT_CONVERSION = YES;
				CLANG_WARN_OBJC_ROOT_CLASS = YES_ERROR;
				CLANG_WARN_UNREACHABLE_CODE = YES;
				CLANG_WARN__DUPLICATE_METHOD_MATCH = YES;
				"CODE_SIGN_IDENTITY[sdk=iphoneos*]" = "iPhone Developer";
				COPY_PHASE_STRIP = NO;
				ENABLE_STRICT_OBJC_MSGSEND = YES;
				GCC_C_LANGUAGE_STANDARD = gnu99;
				GCC_DYNAMIC_NO_PIC = NO;
				GCC_OPTIMIZATION_LEVEL = 0;
				GCC_PREPROCESSOR_DEFINITIONS = (
					"DEBUG=1",
					"$(inherited)",
				);
				GCC_SYMBOLS_PRIVATE_EXTERN = NO;
				GCC_WARN_64_TO_32_BIT_CONVERSION = YES;
				GCC_WARN_ABOUT_RETURN_TYPE = YES_ERROR;
				GCC_WARN_UNDECLARED_SELECTOR = YES;
				GCC_WARN_UNINITIALIZED_AUTOS = YES_AGGRESSIVE;
				GCC_WARN_UNUSED_FUNCTION = YES;
				GCC_WARN_UNUSED_VARIABLE = YES;
				IPHONEOS_DEPLOYMENT_TARGET = 8.2;
				MTL_ENABLE_DEBUG_INFO = YES;
				ONLY_ACTIVE_ARCH = YES;
				SDKROOT = iphoneos;
				TARGETED_DEVICE_FAMILY = 2;
			};
			name = Debug;
		};
		A3FF32441AE2E45E00F7B128 /* Release */ = {
			isa = XCBuildConfiguration;
			buildSettings = {
				ALWAYS_SEARCH_USER_PATHS = NO;
				CLANG_CXX_LANGUAGE_STANDARD = "gnu++0x";
				CLANG_CXX_LIBRARY = "libc++";
				CLANG_ENABLE_MODULES = YES;
				CLANG_ENABLE_OBJC_ARC = YES;
				CLANG_WARN_BOOL_CONVERSION = YES;
				CLANG_WARN_CONSTANT_CONVERSION = YES;
				CLANG_WARN_DIRECT_OBJC_ISA_USAGE = YES_ERROR;
				CLANG_WARN_EMPTY_BODY = YES;
				CLANG_WARN_ENUM_CONVERSION = YES;
				CLANG_WARN_INT_CONVERSION = YES;
				CLANG_WARN_OBJC_ROOT_CLASS = YES_ERROR;
				CLANG_WARN_UNREACHABLE_CODE = YES;
				CLANG_WARN__DUPLICATE_METHOD_MATCH = YES;
				"CODE_SIGN_IDENTITY[sdk=iphoneos*]" = "iPhone Developer";
				COPY_PHASE_STRIP = NO;
				ENABLE_NS_ASSERTIONS = NO;
				ENABLE_STRICT_OBJC_MSGSEND = YES;
				GCC_C_LANGUAGE_STANDARD = gnu99;
				GCC_WARN_64_TO_32_BIT_CONVERSION = YES;
				GCC_WARN_ABOUT_RETURN_TYPE = YES_ERROR;
				GCC_WARN_UNDECLARED_SELECTOR = YES;
				GCC_WARN_UNINITIALIZED_AUTOS = YES_AGGRESSIVE;
				GCC_WARN_UNUSED_FUNCTION = YES;
				GCC_WARN_UNUSED_VARIABLE = YES;
				IPHONEOS_DEPLOYMENT_TARGET = 8.2;
				MTL_ENABLE_DEBUG_INFO = NO;
				SDKROOT = iphoneos;
				TARGETED_DEVICE_FAMILY = 2;
				VALIDATE_PRODUCT = YES;
			};
			name = Release;
		};
		A3FF32461AE2E45E00F7B128 /* Debug */ = {
			isa = XCBuildConfiguration;
			buildSettings = {
				ASSETCATALOG_COMPILER_APPICON_NAME = AppIcon;
				INFOPLIST_FILE = TestProject2/Info.plist;
				LD_RUNPATH_SEARCH_PATHS = "$(inherited) @executable_path/Frameworks";
				PRODUCT_NAME = "$(TARGET_NAME)";
			};
			name = Debug;
		};
		A3FF32471AE2E45E00F7B128 /* Release */ = {
			isa = XCBuildConfiguration;
			buildSettings = {
				ASSETCATALOG_COMPILER_APPICON_NAME = AppIcon;
				INFOPLIST_FILE = TestProject2/Info.plist;
				LD_RUNPATH_SEARCH_PATHS = "$(inherited) @executable_path/Frameworks";
				PRODUCT_NAME = "$(TARGET_NAME)";
			};
			name = Release;
		};
		A3FF32491AE2E45E00F7B128 /* Debug */ = {
			isa = XCBuildConfiguration;
			buildSettings = {
				BUNDLE_LOADER = "$(TEST_HOST)";
				FRAMEWORK_SEARCH_PATHS = (
					"$(SDKROOT)/Developer/Library/Frameworks",
					"$(inherited)",
				);
				GCC_PREPROCESSOR_DEFINITIONS = (
					"DEBUG=1",
					"$(inherited)",
				);
				INFOPLIST_FILE = TestProject2Tests/Info.plist;
				LD_RUNPATH_SEARCH_PATHS = "$(inherited) @executable_path/Frameworks @loader_path/Frameworks";
				PRODUCT_NAME = "$(TARGET_NAME)";
				TEST_HOST = "$(BUILT_PRODUCTS_DIR)/TestProject2.app/TestProject2";
			};
			name = Debug;
		};
		A3FF324A1AE2E45E00F7B128 /* Release */ = {
			isa = XCBuildConfiguration;
			buildSettings = {
				BUNDLE_LOADER = "$(TEST_HOST)";
				FRAMEWORK_SEARCH_PATHS = (
					"$(SDKROOT)/Developer/Library/Frameworks",
					"$(inherited)",
				);
				INFOPLIST_FILE = TestProject2Tests/Info.plist;
				LD_RUNPATH_SEARCH_PATHS = "$(inherited) @executable_path/Frameworks @loader_path/Frameworks";
				PRODUCT_NAME = "$(TARGET_NAME)";
				TEST_HOST = "$(BUILT_PRODUCTS_DIR)/TestProject2.app/TestProject2";
			};
			name = Release;
		};
/* End XCBuildConfiguration section */

/* Begin XCConfigurationList section */
		A3FF321A1AE2E45E00F7B128 /* Build configuration list for PBXProject "TestProject2" */ = {
			isa = XCConfigurationList;
			buildConfigurations = (
				A3FF32431AE2E45E00F7B128 /* Debug */,
				A3FF32441AE2E45E00F7B128 /* Release */,
			);
			defaultConfigurationIsVisible = 0;
			defaultConfigurationName = Release;
		};
		A3FF32451AE2E45E00F7B128 /* Build configuration list for PBXNativeTarget "TestProject2" */ = {
			isa = XCConfigurationList;
			buildConfigurations = (
				A3FF32461AE2E45E00F7B128 /* Debug */,
				A3FF32471AE2E45E00F7B128 /* Release */,
			);
			defaultConfigurationIsVisible = 0;
		};
		A3FF32481AE2E45E00F7B128 /* Build configuration list for PBXNativeTarget "TestProject2Tests" */ = {
			isa = XCConfigurationList;
			buildConfigurations = (
				A3FF32491AE2E45E00F7B128 /* Debug */,
				A3FF324A1AE2E45E00F7B128 /* Release */,
			);
			defaultConfigurationIsVisible = 0;
		};
/* End XCConfigurationList section */

/* Begin XCVersionGroup section */
		A3FF32291AE2E45E00F7B128 /* TestProject2.xcdatamodeld */ = {
			isa = XCVersionGroup;
			children = (
				A3FF322A1AE2E45E00F7B128 /* TestProject2.xcdatamodel */,
			);
			currentVersion = A3FF322A1AE2E45E00F7B128 /* TestProject2.xcdatamodel */;
			path = TestProject2.xcdatamodeld;
			sourceTree = "<group>";
			versionGroupType = wrapper.xcdatamodel;
		};
/* End XCVersionGroup section */
	};
	rootObject = A3FF32171AE2E45E00F7B128 /* Project object */;
}
